// !$*UTF8*$!
{
	archiveVersion = 1;
	classes = {
	};
	objectVersion = 77;
	objects = {

/* Begin PBXBuildFile section */
		AD38F5852E76891600E36EA4 /* .gitignore in Resources */ = {isa = PBXBuildFile; fileRef = AD38F5842E76890C00E36EA4 /* .gitignore */; };
		AD38F5872E76899D00E36EA4 /* README.md in Resources */ = {isa = PBXBuildFile; fileRef = AD38F5862E76899600E36EA4 /* README.md */; };
		AD38F5892E76C15600E36EA4 /* update.sh in Resources */ = {isa = PBXBuildFile; fileRef = AD38F5882E76C15000E36EA4 /* update.sh */; };
		AD40EEF02E75C3DC00866648 /* categories.json in Resources */ = {isa = PBXBuildFile; fileRef = AD8552C82E75B4C4003D3826 /* categories.json */; };
		AD40EEF12E75C3DC00866648 /* articles.json in Resources */ = {isa = PBXBuildFile; fileRef = AD8552C72E75B4AF003D3826 /* articles.json */; };
		AD40EEFD2E75F3DB00866648 /* CategoryManager.swift in Sources */ = {isa = PBXBuildFile; fileRef = AD40EEFC2E75F3D900866648 /* CategoryManager.swift */; };
		AD6275082E7BB059003D7FA9 /* ReadingTimeCalculator.swift in Sources */ = {isa = PBXBuildFile; fileRef = AD6275072E7BB055003D7FA9 /* ReadingTimeCalculator.swift */; };
		AD6275112E7BB377003D7FA9 /* ExportToPDF.swift in Sources */ = {isa = PBXBuildFile; fileRef = AD62750F2E7BB377003D7FA9 /* ExportToPDF.swift */; };
		AD6275122E7BB377003D7FA9 /* ProgressBar.swift in Sources */ = {isa = PBXBuildFile; fileRef = AD6275102E7BB377003D7FA9 /* ProgressBar.swift */; };
		AD6C1E142E76C73D00EA59A7 /* Animations.swift in Sources */ = {isa = PBXBuildFile; fileRef = AD6C1E132E76C73800EA59A7 /* Animations.swift */; };
		AD6C1E162E76C7C000EA59A7 /* ShareService.swift in Sources */ = {isa = PBXBuildFile; fileRef = AD6C1E152E76C7BE00EA59A7 /* ShareService.swift */; };
		AD732DED2E79D674009855C3 /* AI_CONTEXT.md in Resources */ = {isa = PBXBuildFile; fileRef = AD732DEC2E79D674009855C3 /* AI_CONTEXT.md */; };
		AD74545F2E7DC9C7001FC732 /* AI_CONTEXT2.md in Resources */ = {isa = PBXBuildFile; fileRef = AD74545E2E7DC9BF001FC732 /* AI_CONTEXT2.md */; };
		AD7454632E7E617F001FC732 /* TextSizeManager.swift in Sources */ = {isa = PBXBuildFile; fileRef = AD7454622E7E617C001FC732 /* TextSizeManager.swift */; };
		AD8552CF2E75BB02003D3826 /* DataService.swift in Sources */ = {isa = PBXBuildFile; fileRef = AD8552C42E75B463003D3826 /* DataService.swift */; };
		AD8552D02E75BB58003D3826 /* AuthService.swift in Sources */ = {isa = PBXBuildFile; fileRef = AD8552C52E75B471003D3826 /* AuthService.swift */; };
		AD8552D12E75BB62003D3826 /* LocalizationManager.swift in Sources */ = {isa = PBXBuildFile; fileRef = AD8552CB2E75B54D003D3826 /* LocalizationManager.swift */; };
		AD8552D22E75BB62003D3826 /* Theme.swift in Sources */ = {isa = PBXBuildFile; fileRef = AD8552CA2E75B541003D3826 /* Theme.swift */; };
		ADA942012E78930B008D1364 /* Test_Document.pdf in Resources */ = {isa = PBXBuildFile; fileRef = ADA942002E78930B008D1364 /* Test_Document.pdf */; };
		ADA942092E78950F008D1364 /* locations.json in Resources */ = {isa = PBXBuildFile; fileRef = ADA942082E78950B008D1364 /* locations.json */; };
/* End PBXBuildFile section */

/* Begin PBXFileReference section */
		AD38F5842E76890C00E36EA4 /* .gitignore */ = {isa = PBXFileReference; lastKnownFileType = text; path = .gitignore; sourceTree = "<group>"; };
		AD38F5862E76899600E36EA4 /* README.md */ = {isa = PBXFileReference; lastKnownFileType = net.daringfireball.markdown; path = README.md; sourceTree = "<group>"; };
		AD38F5882E76C15000E36EA4 /* update.sh */ = {isa = PBXFileReference; lastKnownFileType = text.script.sh; path = update.sh; sourceTree = "<group>"; };
		AD40EEFC2E75F3D900866648 /* CategoryManager.swift */ = {isa = PBXFileReference; lastKnownFileType = sourcecode.swift; path = CategoryManager.swift; sourceTree = "<group>"; };
		AD6275072E7BB055003D7FA9 /* ReadingTimeCalculator.swift */ = {isa = PBXFileReference; lastKnownFileType = sourcecode.swift; path = ReadingTimeCalculator.swift; sourceTree = "<group>"; };
		AD62750F2E7BB377003D7FA9 /* ExportToPDF.swift */ = {isa = PBXFileReference; lastKnownFileType = sourcecode.swift; path = ExportToPDF.swift; sourceTree = "<group>"; };
		AD6275102E7BB377003D7FA9 /* ProgressBar.swift */ = {isa = PBXFileReference; lastKnownFileType = sourcecode.swift; path = ProgressBar.swift; sourceTree = "<group>"; };
		AD6C1E132E76C73800EA59A7 /* Animations.swift */ = {isa = PBXFileReference; lastKnownFileType = sourcecode.swift; path = Animations.swift; sourceTree = "<group>"; };
		AD6C1E152E76C7BE00EA59A7 /* ShareService.swift */ = {isa = PBXFileReference; lastKnownFileType = sourcecode.swift; path = ShareService.swift; sourceTree = "<group>"; };
		AD732DEC2E79D674009855C3 /* AI_CONTEXT.md */ = {isa = PBXFileReference; lastKnownFileType = net.daringfireball.markdown; path = AI_CONTEXT.md; sourceTree = "<group>"; };
		AD74545E2E7DC9BF001FC732 /* AI_CONTEXT2.md */ = {isa = PBXFileReference; lastKnownFileType = net.daringfireball.markdown; path = AI_CONTEXT2.md; sourceTree = "<group>"; };
		AD7454622E7E617C001FC732 /* TextSizeManager.swift */ = {isa = PBXFileReference; lastKnownFileType = sourcecode.swift; path = TextSizeManager.swift; sourceTree = "<group>"; };
		AD8552922E75ABEC003D3826 /* InGermany.app */ = {isa = PBXFileReference; explicitFileType = wrapper.application; includeInIndex = 0; path = InGermany.app; sourceTree = BUILT_PRODUCTS_DIR; };
		AD8552C42E75B463003D3826 /* DataService.swift */ = {isa = PBXFileReference; lastKnownFileType = sourcecode.swift; name = DataService.swift; path = Services/DataService.swift; sourceTree = SOURCE_ROOT; };
		AD8552C52E75B471003D3826 /* AuthService.swift */ = {isa = PBXFileReference; lastKnownFileType = sourcecode.swift; path = AuthService.swift; sourceTree = "<group>"; };
		AD8552C72E75B4AF003D3826 /* articles.json */ = {isa = PBXFileReference; lastKnownFileType = text.json; name = articles.json; path = Resources/articles.json; sourceTree = SOURCE_ROOT; };
		AD8552C82E75B4C4003D3826 /* categories.json */ = {isa = PBXFileReference; lastKnownFileType = text.json; name = categories.json; path = Resources/categories.json; sourceTree = SOURCE_ROOT; };
		AD8552CA2E75B541003D3826 /* Theme.swift */ = {isa = PBXFileReference; lastKnownFileType = sourcecode.swift; path = Theme.swift; sourceTree = "<group>"; };
		AD8552CB2E75B54D003D3826 /* LocalizationManager.swift */ = {isa = PBXFileReference; lastKnownFileType = sourcecode.swift; path = LocalizationManager.swift; sourceTree = "<group>"; };
		ADA942002E78930B008D1364 /* Test_Document.pdf */ = {isa = PBXFileReference; lastKnownFileType = image.pdf; path = Test_Document.pdf; sourceTree = "<group>"; };
		ADA942082E78950B008D1364 /* locations.json */ = {isa = PBXFileReference; lastKnownFileType = text.json; path = locations.json; sourceTree = "<group>"; };
/* End PBXFileReference section */

/* Begin PBXFileSystemSynchronizedRootGroup section */
		AD8552942E75ABEC003D3826 /* InGermany */ = {
			isa = PBXFileSystemSynchronizedRootGroup;
			path = InGermany;
			sourceTree = "<group>";
		};
		AD8552A72E75AEBF003D3826 /* Core */ = {
			isa = PBXFileSystemSynchronizedRootGroup;
			path = Core;
			sourceTree = "<group>";
		};
		AD8552B62E75B300003D3826 /* Views */ = {
			isa = PBXFileSystemSynchronizedRootGroup;
			path = Views;
			sourceTree = "<group>";
		};
		AD8552BC2E75B417003D3826 /* Models */ = {
			isa = PBXFileSystemSynchronizedRootGroup;
			path = Models;
			sourceTree = "<group>";
		};
/* End PBXFileSystemSynchronizedRootGroup section */

/* Begin PBXFrameworksBuildPhase section */
		AD85528F2E75ABEC003D3826 /* Frameworks */ = {
			isa = PBXFrameworksBuildPhase;
			buildActionMask = 2147483647;
			files = (
			);
			runOnlyForDeploymentPostprocessing = 0;
		};
/* End PBXFrameworksBuildPhase section */

/* Begin PBXGroup section */
		AD8552892E75ABEB003D3826 = {
			isa = PBXGroup;
			children = (
				AD74545E2E7DC9BF001FC732 /* AI_CONTEXT2.md */,
				AD732DEC2E79D674009855C3 /* AI_CONTEXT.md */,
				AD38F5882E76C15000E36EA4 /* update.sh */,
				AD38F5862E76899600E36EA4 /* README.md */,
				AD38F5842E76890C00E36EA4 /* .gitignore */,
				AD8552A72E75AEBF003D3826 /* Core */,
				AD8552B62E75B300003D3826 /* Views */,
				AD8552BC2E75B417003D3826 /* Models */,
				AD8552C32E75B452003D3826 /* Services */,
				AD8552C92E75B506003D3826 /* Utils */,
				AD8552C62E75B48D003D3826 /* Resources */,
				AD8552932E75ABEC003D3826 /* Products */,
				AD8552942E75ABEC003D3826 /* InGermany */,
			);
			sourceTree = "<group>";
		};
		AD8552932E75ABEC003D3826 /* Products */ = {
			isa = PBXGroup;
			children = (
				AD8552922E75ABEC003D3826 /* InGermany.app */,
			);
			name = Products;
			sourceTree = "<group>";
		};
		AD8552C32E75B452003D3826 /* Services */ = {
			isa = PBXGroup;
			children = (
				AD6C1E152E76C7BE00EA59A7 /* ShareService.swift */,
				AD8552C42E75B463003D3826 /* DataService.swift */,
				AD8552C52E75B471003D3826 /* AuthService.swift */,
			);
			path = Services;
			sourceTree = "<group>";
		};
		AD8552C62E75B48D003D3826 /* Resources */ = {
			isa = PBXGroup;
			children = (
				ADA942082E78950B008D1364 /* locations.json */,
				ADA942002E78930B008D1364 /* Test_Document.pdf */,
				AD8552C82E75B4C4003D3826 /* categories.json */,
				AD8552C72E75B4AF003D3826 /* articles.json */,
			);
			path = Resources;
			sourceTree = "<group>";
		};
		AD8552C92E75B506003D3826 /* Utils */ = {
			isa = PBXGroup;
			children = (
				AD7454622E7E617C001FC732 /* TextSizeManager.swift */,
				AD62750F2E7BB377003D7FA9 /* ExportToPDF.swift */,
				AD6275102E7BB377003D7FA9 /* ProgressBar.swift */,
				AD6275072E7BB055003D7FA9 /* ReadingTimeCalculator.swift */,
				AD6C1E132E76C73800EA59A7 /* Animations.swift */,
				AD40EEFC2E75F3D900866648 /* CategoryManager.swift */,
				AD8552CB2E75B54D003D3826 /* LocalizationManager.swift */,
				AD8552CA2E75B541003D3826 /* Theme.swift */,
			);
			path = Utils;
			sourceTree = "<group>";
		};
/* End PBXGroup section */

/* Begin PBXNativeTarget section */
		AD8552912E75ABEC003D3826 /* InGermany */ = {
			isa = PBXNativeTarget;
			buildConfigurationList = AD8552A22E75ABEE003D3826 /* Build configuration list for PBXNativeTarget "InGermany" */;
			buildPhases = (
				AD85528E2E75ABEC003D3826 /* Sources */,
				AD85528F2E75ABEC003D3826 /* Frameworks */,
				AD8552902E75ABEC003D3826 /* Resources */,
			);
			buildRules = (
			);
			dependencies = (
			);
			fileSystemSynchronizedGroups = (
				AD8552942E75ABEC003D3826 /* InGermany */,
				AD8552A72E75AEBF003D3826 /* Core */,
				AD8552B62E75B300003D3826 /* Views */,
				AD8552BC2E75B417003D3826 /* Models */,
			);
			name = InGermany;
			packageProductDependencies = (
			);
			productName = InGermany;
			productReference = AD8552922E75ABEC003D3826 /* InGermany.app */;
			productType = "com.apple.product-type.application";
		};
/* End PBXNativeTarget section */

/* Begin PBXProject section */
		AD85528A2E75ABEB003D3826 /* Project object */ = {
			isa = PBXProject;
			attributes = {
				BuildIndependentTargetsInParallel = 1;
				LastSwiftUpdateCheck = 1620;
				LastUpgradeCheck = 1620;
				TargetAttributes = {
					AD8552912E75ABEC003D3826 = {
						CreatedOnToolsVersion = 16.2;
					};
				};
			};
			buildConfigurationList = AD85528D2E75ABEB003D3826 /* Build configuration list for PBXProject "InGermany" */;
			developmentRegion = en;
			hasScannedForEncodings = 0;
			knownRegions = (
				en,
				Base,
			);
			mainGroup = AD8552892E75ABEB003D3826;
			minimizedProjectReferenceProxies = 1;
			preferredProjectObjectVersion = 77;
			productRefGroup = AD8552932E75ABEC003D3826 /* Products */;
			projectDirPath = "";
			projectRoot = "";
			targets = (
				AD8552912E75ABEC003D3826 /* InGermany */,
			);
		};
/* End PBXProject section */

/* Begin PBXResourcesBuildPhase section */
		AD8552902E75ABEC003D3826 /* Resources */ = {
			isa = PBXResourcesBuildPhase;
			buildActionMask = 2147483647;
			files = (
				AD38F5872E76899D00E36EA4 /* README.md in Resources */,
				AD38F5852E76891600E36EA4 /* .gitignore in Resources */,
				AD40EEF02E75C3DC00866648 /* categories.json in Resources */,
				AD40EEF12E75C3DC00866648 /* articles.json in Resources */,
				ADA942012E78930B008D1364 /* Test_Document.pdf in Resources */,
				AD732DED2E79D674009855C3 /* AI_CONTEXT.md in Resources */,
				AD74545F2E7DC9C7001FC732 /* AI_CONTEXT2.md in Resources */,
				ADA942092E78950F008D1364 /* locations.json in Resources */,
				AD38F5892E76C15600E36EA4 /* update.sh in Resources */,
			);
			runOnlyForDeploymentPostprocessing = 0;
		};
/* End PBXResourcesBuildPhase section */

/* Begin PBXSourcesBuildPhase section */
		AD85528E2E75ABEC003D3826 /* Sources */ = {
			isa = PBXSourcesBuildPhase;
			buildActionMask = 2147483647;
			files = (
				AD8552D12E75BB62003D3826 /* LocalizationManager.swift in Sources */,
				AD6C1E162E76C7C000EA59A7 /* ShareService.swift in Sources */,
				AD6275112E7BB377003D7FA9 /* ExportToPDF.swift in Sources */,
				AD6275122E7BB377003D7FA9 /* ProgressBar.swift in Sources */,
				AD8552D22E75BB62003D3826 /* Theme.swift in Sources */,
				AD6C1E142E76C73D00EA59A7 /* Animations.swift in Sources */,
				AD40EEFD2E75F3DB00866648 /* CategoryManager.swift in Sources */,
				AD6275082E7BB059003D7FA9 /* ReadingTimeCalculator.swift in Sources */,
				AD7454632E7E617F001FC732 /* TextSizeManager.swift in Sources */,
				AD8552D02E75BB58003D3826 /* AuthService.swift in Sources */,
				AD8552CF2E75BB02003D3826 /* DataService.swift in Sources */,
			);
			runOnlyForDeploymentPostprocessing = 0;
		};
/* End PBXSourcesBuildPhase section */

/* Begin XCBuildConfiguration section */
		AD8552A02E75ABEE003D3826 /* Debug */ = {
			isa = XCBuildConfiguration;
			buildSettings = {
				ALWAYS_SEARCH_USER_PATHS = NO;
				ASSETCATALOG_COMPILER_GENERATE_SWIFT_ASSET_SYMBOL_EXTENSIONS = YES;
				CLANG_ANALYZER_NONNULL = YES;
				CLANG_ANALYZER_NUMBER_OBJECT_CONVERSION = YES_AGGRESSIVE;
				CLANG_CXX_LANGUAGE_STANDARD = "gnu++20";
				CLANG_ENABLE_MODULES = YES;
				CLANG_ENABLE_OBJC_ARC = YES;
				CLANG_ENABLE_OBJC_WEAK = YES;
				CLANG_WARN_BLOCK_CAPTURE_AUTORELEASING = YES;
				CLANG_WARN_BOOL_CONVERSION = YES;
				CLANG_WARN_COMMA = YES;
				CLANG_WARN_CONSTANT_CONVERSION = YES;
				CLANG_WARN_DEPRECATED_OBJC_IMPLEMENTATIONS = YES;
				CLANG_WARN_DIRECT_OBJC_ISA_USAGE = YES_ERROR;
				CLANG_WARN_DOCUMENTATION_COMMENTS = YES;
				CLANG_WARN_EMPTY_BODY = YES;
				CLANG_WARN_ENUM_CONVERSION = YES;
				CLANG_WARN_INFINITE_RECURSION = YES;
				CLANG_WARN_INT_CONVERSION = YES;
				CLANG_WARN_NON_LITERAL_NULL_CONVERSION = YES;
				CLANG_WARN_OBJC_IMPLICIT_RETAIN_SELF = YES;
				CLANG_WARN_OBJC_LITERAL_CONVERSION = YES;
				CLANG_WARN_OBJC_ROOT_CLASS = YES_ERROR;
				CLANG_WARN_QUOTED_INCLUDE_IN_FRAMEWORK_HEADER = YES;
				CLANG_WARN_RANGE_LOOP_ANALYSIS = YES;
				CLANG_WARN_STRICT_PROTOTYPES = YES;
				CLANG_WARN_SUSPICIOUS_MOVE = YES;
				CLANG_WARN_UNGUARDED_AVAILABILITY = YES_AGGRESSIVE;
				CLANG_WARN_UNREACHABLE_CODE = YES;
				CLANG_WARN__DUPLICATE_METHOD_MATCH = YES;
				COPY_PHASE_STRIP = NO;
				DEBUG_INFORMATION_FORMAT = dwarf;
				ENABLE_STRICT_OBJC_MSGSEND = YES;
				ENABLE_TESTABILITY = YES;
				ENABLE_USER_SCRIPT_SANDBOXING = YES;
				GCC_C_LANGUAGE_STANDARD = gnu17;
				GCC_DYNAMIC_NO_PIC = NO;
				GCC_NO_COMMON_BLOCKS = YES;
				GCC_OPTIMIZATION_LEVEL = 0;
				GCC_PREPROCESSOR_DEFINITIONS = (
					"DEBUG=1",
					"$(inherited)",
				);
				GCC_WARN_64_TO_32_BIT_CONVERSION = YES;
				GCC_WARN_ABOUT_RETURN_TYPE = YES_ERROR;
				GCC_WARN_UNDECLARED_SELECTOR = YES;
				GCC_WARN_UNINITIALIZED_AUTOS = YES_AGGRESSIVE;
				GCC_WARN_UNUSED_FUNCTION = YES;
				GCC_WARN_UNUSED_VARIABLE = YES;
				IPHONEOS_DEPLOYMENT_TARGET = 18.2;
				LOCALIZATION_PREFERS_STRING_CATALOGS = YES;
				MTL_ENABLE_DEBUG_INFO = INCLUDE_SOURCE;
				MTL_FAST_MATH = YES;
				ONLY_ACTIVE_ARCH = YES;
				SDKROOT = iphoneos;
				SWIFT_ACTIVE_COMPILATION_CONDITIONS = "DEBUG $(inherited)";
				SWIFT_OPTIMIZATION_LEVEL = "-Onone";
			};
			name = Debug;
		};
		AD8552A12E75ABEE003D3826 /* Release */ = {
			isa = XCBuildConfiguration;
			buildSettings = {
				ALWAYS_SEARCH_USER_PATHS = NO;
				ASSETCATALOG_COMPILER_GENERATE_SWIFT_ASSET_SYMBOL_EXTENSIONS = YES;
				CLANG_ANALYZER_NONNULL = YES;
				CLANG_ANALYZER_NUMBER_OBJECT_CONVERSION = YES_AGGRESSIVE;
				CLANG_CXX_LANGUAGE_STANDARD = "gnu++20";
				CLANG_ENABLE_MODULES = YES;
				CLANG_ENABLE_OBJC_ARC = YES;
				CLANG_ENABLE_OBJC_WEAK = YES;
				CLANG_WARN_BLOCK_CAPTURE_AUTORELEASING = YES;
				CLANG_WARN_BOOL_CONVERSION = YES;
				CLANG_WARN_COMMA = YES;
				CLANG_WARN_CONSTANT_CONVERSION = YES;
				CLANG_WARN_DEPRECATED_OBJC_IMPLEMENTATIONS = YES;
				CLANG_WARN_DIRECT_OBJC_ISA_USAGE = YES_ERROR;
				CLANG_WARN_DOCUMENTATION_COMMENTS = YES;
				CLANG_WARN_EMPTY_BODY = YES;
				CLANG_WARN_ENUM_CONVERSION = YES;
				CLANG_WARN_INFINITE_RECURSION = YES;
				CLANG_WARN_INT_CONVERSION = YES;
				CLANG_WARN_NON_LITERAL_NULL_CONVERSION = YES;
				CLANG_WARN_OBJC_IMPLICIT_RETAIN_SELF = YES;
				CLANG_WARN_OBJC_LITERAL_CONVERSION = YES;
				CLANG_WARN_OBJC_ROOT_CLASS = YES_ERROR;
				CLANG_WARN_QUOTED_INCLUDE_IN_FRAMEWORK_HEADER = YES;
				CLANG_WARN_RANGE_LOOP_ANALYSIS = YES;
				CLANG_WARN_STRICT_PROTOTYPES = YES;
				CLANG_WARN_SUSPICIOUS_MOVE = YES;
				CLANG_WARN_UNGUARDED_AVAILABILITY = YES_AGGRESSIVE;
				CLANG_WARN_UNREACHABLE_CODE = YES;
				CLANG_WARN__DUPLICATE_METHOD_MATCH = YES;
				COPY_PHASE_STRIP = NO;
				DEBUG_INFORMATION_FORMAT = "dwarf-with-dsym";
				ENABLE_NS_ASSERTIONS = NO;
				ENABLE_STRICT_OBJC_MSGSEND = YES;
				ENABLE_USER_SCRIPT_SANDBOXING = YES;
				GCC_C_LANGUAGE_STANDARD = gnu17;
				GCC_NO_COMMON_BLOCKS = YES;
				GCC_WARN_64_TO_32_BIT_CONVERSION = YES;
				GCC_WARN_ABOUT_RETURN_TYPE = YES_ERROR;
				GCC_WARN_UNDECLARED_SELECTOR = YES;
				GCC_WARN_UNINITIALIZED_AUTOS = YES_AGGRESSIVE;
				GCC_WARN_UNUSED_FUNCTION = YES;
				GCC_WARN_UNUSED_VARIABLE = YES;
				IPHONEOS_DEPLOYMENT_TARGET = 18.2;
				LOCALIZATION_PREFERS_STRING_CATALOGS = YES;
				MTL_ENABLE_DEBUG_INFO = NO;
				MTL_FAST_MATH = YES;
				SDKROOT = iphoneos;
				SWIFT_COMPILATION_MODE = wholemodule;
				VALIDATE_PRODUCT = YES;
			};
			name = Release;
		};
		AD8552A32E75ABEE003D3826 /* Debug */ = {
			isa = XCBuildConfiguration;
			buildSettings = {
				ASSETCATALOG_COMPILER_APPICON_NAME = AppIcon;
				ASSETCATALOG_COMPILER_GLOBAL_ACCENT_COLOR_NAME = AccentColor;
				CODE_SIGN_STYLE = Automatic;
				CURRENT_PROJECT_VERSION = 1;
				DEVELOPMENT_ASSET_PATHS = "\"InGermany/Preview Content\"";
				DEVELOPMENT_TEAM = Y8NF943WMY;
				ENABLE_PREVIEWS = YES;
				GENERATE_INFOPLIST_FILE = YES;
				INFOPLIST_KEY_LSApplicationCategoryType = "public.app-category.travel";
				INFOPLIST_KEY_NSLocationWhenInUseUsageDescription = "Приложению нужен доступ к вашему местоположению для отображения карты.";
				INFOPLIST_KEY_UIApplicationSceneManifest_Generation = YES;
				INFOPLIST_KEY_UIApplicationSupportsIndirectInputEvents = YES;
				INFOPLIST_KEY_UILaunchScreen_Generation = YES;
				INFOPLIST_KEY_UISupportedInterfaceOrientations_iPad = "UIInterfaceOrientationPortrait UIInterfaceOrientationPortraitUpsideDown UIInterfaceOrientationLandscapeLeft UIInterfaceOrientationLandscapeRight";
				INFOPLIST_KEY_UISupportedInterfaceOrientations_iPhone = "UIInterfaceOrientationPortrait UIInterfaceOrientationLandscapeLeft UIInterfaceOrientationLandscapeRight";
				LD_RUNPATH_SEARCH_PATHS = (
					"$(inherited)",
					"@executable_path/Frameworks",
				);
				MARKETING_VERSION = 1.0;
				PRODUCT_BUNDLE_IDENTIFIER = umedsbz.InGermany;
				PRODUCT_NAME = "$(TARGET_NAME)";
				SWIFT_EMIT_LOC_STRINGS = YES;
				SWIFT_VERSION = 5.0;
				TARGETED_DEVICE_FAMILY = "1,2";
			};
			name = Debug;
		};
		AD8552A42E75ABEE003D3826 /* Release */ = {
			isa = XCBuildConfiguration;
			buildSettings = {
				ASSETCATALOG_COMPILER_APPICON_NAME = AppIcon;
				ASSETCATALOG_COMPILER_GLOBAL_ACCENT_COLOR_NAME = AccentColor;
				CODE_SIGN_STYLE = Automatic;
				CURRENT_PROJECT_VERSION = 1;
				DEVELOPMENT_ASSET_PATHS = "\"InGermany/Preview Content\"";
				DEVELOPMENT_TEAM = Y8NF943WMY;
				ENABLE_PREVIEWS = YES;
				GENERATE_INFOPLIST_FILE = YES;
				INFOPLIST_KEY_LSApplicationCategoryType = "public.app-category.travel";
				INFOPLIST_KEY_NSLocationWhenInUseUsageDescription = "Приложению нужен доступ к вашему местоположению для отображения карты.";
				INFOPLIST_KEY_UIApplicationSceneManifest_Generation = YES;
				INFOPLIST_KEY_UIApplicationSupportsIndirectInputEvents = YES;
				INFOPLIST_KEY_UILaunchScreen_Generation = YES;
				INFOPLIST_KEY_UISupportedInterfaceOrientations_iPad = "UIInterfaceOrientationPortrait UIInterfaceOrientationPortraitUpsideDown UIInterfaceOrientationLandscapeLeft UIInterfaceOrientationLandscapeRight";
				INFOPLIST_KEY_UISupportedInterfaceOrientations_iPhone = "UIInterfaceOrientationPortrait UIInterfaceOrientationLandscapeLeft UIInterfaceOrientationLandscapeRight";
				LD_RUNPATH_SEARCH_PATHS = (
					"$(inherited)",
					"@executable_path/Frameworks",
				);
				MARKETING_VERSION = 1.0;
				PRODUCT_BUNDLE_IDENTIFIER = umedsbz.InGermany;
				PRODUCT_NAME = "$(TARGET_NAME)";
				SWIFT_EMIT_LOC_STRINGS = YES;
				SWIFT_VERSION = 5.0;
				TARGETED_DEVICE_FAMILY = "1,2";
			};
			name = Release;
		};
/* End XCBuildConfiguration section */

/* Begin XCConfigurationList section */
		AD85528D2E75ABEB003D3826 /* Build configuration list for PBXProject "InGermany" */ = {
			isa = XCConfigurationList;
			buildConfigurations = (
				AD8552A02E75ABEE003D3826 /* Debug */,
				AD8552A12E75ABEE003D3826 /* Release */,
			);
			defaultConfigurationIsVisible = 0;
			defaultConfigurationName = Release;
		};
		AD8552A22E75ABEE003D3826 /* Build configuration list for PBXNativeTarget "InGermany" */ = {
			isa = XCConfigurationList;
			buildConfigurations = (
				AD8552A32E75ABEE003D3826 /* Debug */,
				AD8552A42E75ABEE003D3826 /* Release */,
			);
			defaultConfigurationIsVisible = 0;
			defaultConfigurationName = Release;
		};
/* End XCConfigurationList section */
	};
	rootObject = AD85528A2E75ABEB003D3826 /* Project object */;
}
